// !$*UTF8*$!
{
	archiveVersion = 1;
	classes = {
	};
	objectVersion = 52;
	objects = {

/* Begin PBXBuildFile section */
		12D4286C9FCF2BA9A61A2A81 /* Pods_RandomMovieSnapshotTests.framework in Frameworks */ = {isa = PBXBuildFile; fileRef = A9925C37DB04EE31B6E2C33E /* Pods_RandomMovieSnapshotTests.framework */; };
		17DCB2109ED48B8CF95F7EC6 /* Pods_RandomMovieTests.framework in Frameworks */ = {isa = PBXBuildFile; fileRef = 153591FBE0FEF0061EE95E4C /* Pods_RandomMovieTests.framework */; };
		1D5DEA9E251D2347002585E4 /* AutoMockable.swift in Sources */ = {isa = PBXBuildFile; fileRef = 1D5DEA9D251D2347002585E4 /* AutoMockable.swift */; };
		1D75DEE8251CE99C005EAE89 /* WelcomeView.swift in Sources */ = {isa = PBXBuildFile; fileRef = 1D75DEE7251CE99C005EAE89 /* WelcomeView.swift */; };
		1D75DEEA251CE9A3005EAE89 /* DefaultWelcomeView.swift in Sources */ = {isa = PBXBuildFile; fileRef = 1D75DEE9251CE9A3005EAE89 /* DefaultWelcomeView.swift */; };
		1D75DEED251CEB2C005EAE89 /* SnapKit in Frameworks */ = {isa = PBXBuildFile; productRef = 1D75DEEC251CEB2C005EAE89 /* SnapKit */; };
		1D75DEF1251CEBE8005EAE89 /* Spacing.swift in Sources */ = {isa = PBXBuildFile; fileRef = 1D75DEF0251CEBE8005EAE89 /* Spacing.swift */; };
		1D75DEF6251CECDB005EAE89 /* WelcomePresenter.swift in Sources */ = {isa = PBXBuildFile; fileRef = 1D75DEF5251CECDB005EAE89 /* WelcomePresenter.swift */; };
		1D75DEF8251CECE6005EAE89 /* WelcomeUI.swift in Sources */ = {isa = PBXBuildFile; fileRef = 1D75DEF7251CECE6005EAE89 /* WelcomeUI.swift */; };
		1D75DEFA251CECEF005EAE89 /* DefaultWelcomePresenter.swift in Sources */ = {isa = PBXBuildFile; fileRef = 1D75DEF9251CECEF005EAE89 /* DefaultWelcomePresenter.swift */; };
		1D75DEFD251CEF0C005EAE89 /* Font.swift in Sources */ = {isa = PBXBuildFile; fileRef = 1D75DEFC251CEF0C005EAE89 /* Font.swift */; };
		1D75DF01251CEFEE005EAE89 /* FontLoader.swift in Sources */ = {isa = PBXBuildFile; fileRef = 1D75DEFF251CEFED005EAE89 /* FontLoader.swift */; };
		1D75DF02251CEFEE005EAE89 /* FontSize.swift in Sources */ = {isa = PBXBuildFile; fileRef = 1D75DF00251CEFEE005EAE89 /* FontSize.swift */; };
		1D75DF05251CF027005EAE89 /* MontserratMediumFont.swift in Sources */ = {isa = PBXBuildFile; fileRef = 1D75DF03251CF027005EAE89 /* MontserratMediumFont.swift */; };
		1D75DF06251CF027005EAE89 /* MontserratRegularFont.swift in Sources */ = {isa = PBXBuildFile; fileRef = 1D75DF04251CF027005EAE89 /* MontserratRegularFont.swift */; };
		1D75DF0D251CF5A8005EAE89 /* Bundle+Framework.swift in Sources */ = {isa = PBXBuildFile; fileRef = 1D75DF0C251CF5A8005EAE89 /* Bundle+Framework.swift */; };
		1D75DF13251CF8A7005EAE89 /* Montserrat-Medium.ttf in Resources */ = {isa = PBXBuildFile; fileRef = 1D75DF11251CF8A7005EAE89 /* Montserrat-Medium.ttf */; };
		1D75DF14251CF8A7005EAE89 /* Montserrat-Regular.ttf in Resources */ = {isa = PBXBuildFile; fileRef = 1D75DF12251CF8A7005EAE89 /* Montserrat-Regular.ttf */; };
		1D75DFA8251D0FFB005EAE89 /* SnapshotTesting in Frameworks */ = {isa = PBXBuildFile; productRef = 1D75DFA7251D0FFB005EAE89 /* SnapshotTesting */; };
		1D75DFB0251D101C005EAE89 /* Snapshot.swift in Sources */ = {isa = PBXBuildFile; fileRef = 1D75DFAD251D101C005EAE89 /* Snapshot.swift */; };
		1D75DFB1251D101C005EAE89 /* DeviceSize.swift in Sources */ = {isa = PBXBuildFile; fileRef = 1D75DFAF251D101C005EAE89 /* DeviceSize.swift */; };
		1D75DFB3251D1082005EAE89 /* WelcomeViewSpec.swift in Sources */ = {isa = PBXBuildFile; fileRef = 1D75DFB2251D1082005EAE89 /* WelcomeViewSpec.swift */; };
		1D75DFB9251D1495005EAE89 /* RandomMoviePresenterSpec.swift in Sources */ = {isa = PBXBuildFile; fileRef = 1D75DFB8251D1495005EAE89 /* RandomMoviePresenterSpec.swift */; };
		1D7EFE88251CD327004BA416 /* AppDelegate.swift in Sources */ = {isa = PBXBuildFile; fileRef = 1D7EFE87251CD327004BA416 /* AppDelegate.swift */; };
		1D7EFE8A251CD327004BA416 /* SceneDelegate.swift in Sources */ = {isa = PBXBuildFile; fileRef = 1D7EFE89251CD327004BA416 /* SceneDelegate.swift */; };
		1D7EFE8E251CD328004BA416 /* Assets.xcassets in Resources */ = {isa = PBXBuildFile; fileRef = 1D7EFE8D251CD328004BA416 /* Assets.xcassets */; };
		1D7EFE94251CD328004BA416 /* LaunchScreen.storyboard in Resources */ = {isa = PBXBuildFile; fileRef = 1D7EFE92251CD328004BA416 /* LaunchScreen.storyboard */; };
		1D7EFEAA251CD328004BA416 /* RandomMovieUITests.swift in Sources */ = {isa = PBXBuildFile; fileRef = 1D7EFEA9251CD328004BA416 /* RandomMovieUITests.swift */; };
		1D7EFEC2251CE673004BA416 /* Assembly.swift in Sources */ = {isa = PBXBuildFile; fileRef = 1D7EFEC1251CE673004BA416 /* Assembly.swift */; };
		1D7EFECB251CE73E004BA416 /* Assembly+Welcome.swift in Sources */ = {isa = PBXBuildFile; fileRef = 1D7EFECA251CE73E004BA416 /* Assembly+Welcome.swift */; };
		1D7EFECD251CE78A004BA416 /* WelcomeViewController.swift in Sources */ = {isa = PBXBuildFile; fileRef = 1D7EFECC251CE78A004BA416 /* WelcomeViewController.swift */; };
		1D81E570251D25AC0005BBBA /* AutoMockable.generated.swift in Sources */ = {isa = PBXBuildFile; fileRef = 1D81E56F251D25AC0005BBBA /* AutoMockable.generated.swift */; };
		1DB2674A251E5A2600798CD6 /* Palette.swift in Sources */ = {isa = PBXBuildFile; fileRef = 1DB26749251E5A2600798CD6 /* Palette.swift */; };
		1DB26750251E607900798CD6 /* DarkMode.swift in Sources */ = {isa = PBXBuildFile; fileRef = 1DB2674F251E607900798CD6 /* DarkMode.swift */; };
		1DB26752251E608100798CD6 /* LightMode.swift in Sources */ = {isa = PBXBuildFile; fileRef = 1DB26751251E608100798CD6 /* LightMode.swift */; };
		1DB26764251E79A700798CD6 /* Networking.swift in Sources */ = {isa = PBXBuildFile; fileRef = 1DB26763251E79A700798CD6 /* Networking.swift */; };
		1DB26766251E7AAC00798CD6 /* Networking+UseCases.swift in Sources */ = {isa = PBXBuildFile; fileRef = 1DB26765251E7AAC00798CD6 /* Networking+UseCases.swift */; };
		1DB2676A251E7BB400798CD6 /* Environment.swift in Sources */ = {isa = PBXBuildFile; fileRef = 1DB26769251E7BB400798CD6 /* Environment.swift */; };
		1DB2676D251E7C0900798CD6 /* Moya+Networking.swift in Sources */ = {isa = PBXBuildFile; fileRef = 1DB2676C251E7C0900798CD6 /* Moya+Networking.swift */; };
		1DB2676F251E7C3900798CD6 /* Environment.plist in Resources */ = {isa = PBXBuildFile; fileRef = 1DB2676E251E7C3900798CD6 /* Environment.plist */; };
		1DB26771251E826700798CD6 /* Service.swift in Sources */ = {isa = PBXBuildFile; fileRef = 1DB26770251E826700798CD6 /* Service.swift */; };
		1DB26773251E82BE00798CD6 /* Endpoint.swift in Sources */ = {isa = PBXBuildFile; fileRef = 1DB26772251E82BE00798CD6 /* Endpoint.swift */; };
		1DB26775251E849000798CD6 /* Mappable.swift in Sources */ = {isa = PBXBuildFile; fileRef = 1DB26774251E849000798CD6 /* Mappable.swift */; };
		1DB26778251E879600798CD6 /* PopularMovies.swift in Sources */ = {isa = PBXBuildFile; fileRef = 1DB26777251E879600798CD6 /* PopularMovies.swift */; };
		1DB2677C251E87E200798CD6 /* PopularMoviesUseCase.swift in Sources */ = {isa = PBXBuildFile; fileRef = 1DB2677B251E87E200798CD6 /* PopularMoviesUseCase.swift */; };
		1DB26780251E886100798CD6 /* Movie.swift in Sources */ = {isa = PBXBuildFile; fileRef = 1DB2677F251E886100798CD6 /* Movie.swift */; };
		1DB26786251E899800798CD6 /* PopularMoviesService.swift in Sources */ = {isa = PBXBuildFile; fileRef = 1DB26785251E899800798CD6 /* PopularMoviesService.swift */; };
		1DB26789251E89B300798CD6 /* PopularMoviesEndpoint.swift in Sources */ = {isa = PBXBuildFile; fileRef = 1DB26788251E89B300798CD6 /* PopularMoviesEndpoint.swift */; };
		1DB2678B251E8B4300798CD6 /* PopularMoviesRepository.swift in Sources */ = {isa = PBXBuildFile; fileRef = 1DB2678A251E8B4300798CD6 /* PopularMoviesRepository.swift */; };
		1DB2678F251E8BB900798CD6 /* PopularMoviesDataSource.swift in Sources */ = {isa = PBXBuildFile; fileRef = 1DB2678E251E8BB900798CD6 /* PopularMoviesDataSource.swift */; };
		1DB26791251E8BE700798CD6 /* PopularMoviesApiDataSource.swift in Sources */ = {isa = PBXBuildFile; fileRef = 1DB26790251E8BE700798CD6 /* PopularMoviesApiDataSource.swift */; };
		1DB26793251E8CCF00798CD6 /* ListMovies.swift in Sources */ = {isa = PBXBuildFile; fileRef = 1DB26792251E8CCF00798CD6 /* ListMovies.swift */; };
		1DB26796251E8D5300798CD6 /* ListMoviesApiResponse.swift in Sources */ = {isa = PBXBuildFile; fileRef = 1DB26795251E8D5300798CD6 /* ListMoviesApiResponse.swift */; };
		1DB26798251E8DA800798CD6 /* MovieApiResponse.swift in Sources */ = {isa = PBXBuildFile; fileRef = 1DB26797251E8DA800798CD6 /* MovieApiResponse.swift */; };
		1DB2679B251E8F8500798CD6 /* PopularMoviesApiToDomainMapper.swift in Sources */ = {isa = PBXBuildFile; fileRef = 1DB2679A251E8F8500798CD6 /* PopularMoviesApiToDomainMapper.swift */; };
		1DB267AC251E947700798CD6 /* WelcomeInteractor.swift in Sources */ = {isa = PBXBuildFile; fileRef = 1DB267AB251E947700798CD6 /* WelcomeInteractor.swift */; };
		1DB267AE251E94AB00798CD6 /* DefaultWelcomeInteractor.swift in Sources */ = {isa = PBXBuildFile; fileRef = 1DB267AD251E94AB00798CD6 /* DefaultWelcomeInteractor.swift */; };
		1DB267B0251E94CA00798CD6 /* WelcomeInteractorDelegate.swift in Sources */ = {isa = PBXBuildFile; fileRef = 1DB267AF251E94CA00798CD6 /* WelcomeInteractorDelegate.swift */; };
		3D673488CC5B34658D54346E /* Pods_RandomMovie.framework in Frameworks */ = {isa = PBXBuildFile; fileRef = 55FF6BD2B642DAE2C9B1DE06 /* Pods_RandomMovie.framework */; };
		DBE98C1DD07B73E79551B055 /* Pods_RandomMovie_RandomMovieUITests.framework in Frameworks */ = {isa = PBXBuildFile; fileRef = 9A70A4531AAA03538E65B46E /* Pods_RandomMovie_RandomMovieUITests.framework */; };
/* End PBXBuildFile section */

/* Begin PBXContainerItemProxy section */
		1D75DFA1251D0FA8005EAE89 /* PBXContainerItemProxy */ = {
			isa = PBXContainerItemProxy;
			containerPortal = 1D7EFE7C251CD327004BA416 /* Project object */;
			proxyType = 1;
			remoteGlobalIDString = 1D7EFE83251CD327004BA416;
			remoteInfo = RandomMovie;
		};
		1D7EFE9B251CD328004BA416 /* PBXContainerItemProxy */ = {
			isa = PBXContainerItemProxy;
			containerPortal = 1D7EFE7C251CD327004BA416 /* Project object */;
			proxyType = 1;
			remoteGlobalIDString = 1D7EFE83251CD327004BA416;
			remoteInfo = RandomMovie;
		};
		1D7EFEA6251CD328004BA416 /* PBXContainerItemProxy */ = {
			isa = PBXContainerItemProxy;
			containerPortal = 1D7EFE7C251CD327004BA416 /* Project object */;
			proxyType = 1;
			remoteGlobalIDString = 1D7EFE83251CD327004BA416;
			remoteInfo = RandomMovie;
		};
/* End PBXContainerItemProxy section */

/* Begin PBXFileReference section */
		153591FBE0FEF0061EE95E4C /* Pods_RandomMovieTests.framework */ = {isa = PBXFileReference; explicitFileType = wrapper.framework; includeInIndex = 0; path = Pods_RandomMovieTests.framework; sourceTree = BUILT_PRODUCTS_DIR; };
		1D5DEA9D251D2347002585E4 /* AutoMockable.swift */ = {isa = PBXFileReference; lastKnownFileType = sourcecode.swift; path = AutoMockable.swift; sourceTree = "<group>"; };
		1D75DEE7251CE99C005EAE89 /* WelcomeView.swift */ = {isa = PBXFileReference; lastKnownFileType = sourcecode.swift; path = WelcomeView.swift; sourceTree = "<group>"; };
		1D75DEE9251CE9A3005EAE89 /* DefaultWelcomeView.swift */ = {isa = PBXFileReference; lastKnownFileType = sourcecode.swift; path = DefaultWelcomeView.swift; sourceTree = "<group>"; };
		1D75DEF0251CEBE8005EAE89 /* Spacing.swift */ = {isa = PBXFileReference; lastKnownFileType = sourcecode.swift; path = Spacing.swift; sourceTree = "<group>"; };
		1D75DEF5251CECDB005EAE89 /* WelcomePresenter.swift */ = {isa = PBXFileReference; lastKnownFileType = sourcecode.swift; path = WelcomePresenter.swift; sourceTree = "<group>"; };
		1D75DEF7251CECE6005EAE89 /* WelcomeUI.swift */ = {isa = PBXFileReference; lastKnownFileType = sourcecode.swift; path = WelcomeUI.swift; sourceTree = "<group>"; };
		1D75DEF9251CECEF005EAE89 /* DefaultWelcomePresenter.swift */ = {isa = PBXFileReference; lastKnownFileType = sourcecode.swift; path = DefaultWelcomePresenter.swift; sourceTree = "<group>"; };
		1D75DEFC251CEF0C005EAE89 /* Font.swift */ = {isa = PBXFileReference; lastKnownFileType = sourcecode.swift; path = Font.swift; sourceTree = "<group>"; };
		1D75DEFF251CEFED005EAE89 /* FontLoader.swift */ = {isa = PBXFileReference; fileEncoding = 4; lastKnownFileType = sourcecode.swift; path = FontLoader.swift; sourceTree = "<group>"; };
		1D75DF00251CEFEE005EAE89 /* FontSize.swift */ = {isa = PBXFileReference; fileEncoding = 4; lastKnownFileType = sourcecode.swift; path = FontSize.swift; sourceTree = "<group>"; };
		1D75DF03251CF027005EAE89 /* MontserratMediumFont.swift */ = {isa = PBXFileReference; fileEncoding = 4; lastKnownFileType = sourcecode.swift; path = MontserratMediumFont.swift; sourceTree = "<group>"; };
		1D75DF04251CF027005EAE89 /* MontserratRegularFont.swift */ = {isa = PBXFileReference; fileEncoding = 4; lastKnownFileType = sourcecode.swift; path = MontserratRegularFont.swift; sourceTree = "<group>"; };
		1D75DF0C251CF5A8005EAE89 /* Bundle+Framework.swift */ = {isa = PBXFileReference; lastKnownFileType = sourcecode.swift; path = "Bundle+Framework.swift"; sourceTree = "<group>"; };
		1D75DF11251CF8A7005EAE89 /* Montserrat-Medium.ttf */ = {isa = PBXFileReference; lastKnownFileType = file; path = "Montserrat-Medium.ttf"; sourceTree = "<group>"; };
		1D75DF12251CF8A7005EAE89 /* Montserrat-Regular.ttf */ = {isa = PBXFileReference; lastKnownFileType = file; path = "Montserrat-Regular.ttf"; sourceTree = "<group>"; };
		1D75DF9C251D0FA8005EAE89 /* RandomMovieSnapshotTests.xctest */ = {isa = PBXFileReference; explicitFileType = wrapper.cfbundle; includeInIndex = 0; path = RandomMovieSnapshotTests.xctest; sourceTree = BUILT_PRODUCTS_DIR; };
		1D75DFA0251D0FA8005EAE89 /* Info.plist */ = {isa = PBXFileReference; lastKnownFileType = text.plist.xml; path = Info.plist; sourceTree = "<group>"; };
		1D75DFAD251D101C005EAE89 /* Snapshot.swift */ = {isa = PBXFileReference; fileEncoding = 4; lastKnownFileType = sourcecode.swift; path = Snapshot.swift; sourceTree = "<group>"; };
		1D75DFAF251D101C005EAE89 /* DeviceSize.swift */ = {isa = PBXFileReference; fileEncoding = 4; lastKnownFileType = sourcecode.swift; path = DeviceSize.swift; sourceTree = "<group>"; };
		1D75DFB2251D1082005EAE89 /* WelcomeViewSpec.swift */ = {isa = PBXFileReference; lastKnownFileType = sourcecode.swift; path = WelcomeViewSpec.swift; sourceTree = "<group>"; };
		1D75DFB8251D1495005EAE89 /* RandomMoviePresenterSpec.swift */ = {isa = PBXFileReference; lastKnownFileType = sourcecode.swift; path = RandomMoviePresenterSpec.swift; sourceTree = "<group>"; };
		1D7EFE84251CD327004BA416 /* RandomMovie.app */ = {isa = PBXFileReference; explicitFileType = wrapper.application; includeInIndex = 0; path = RandomMovie.app; sourceTree = BUILT_PRODUCTS_DIR; };
		1D7EFE87251CD327004BA416 /* AppDelegate.swift */ = {isa = PBXFileReference; lastKnownFileType = sourcecode.swift; path = AppDelegate.swift; sourceTree = "<group>"; };
		1D7EFE89251CD327004BA416 /* SceneDelegate.swift */ = {isa = PBXFileReference; lastKnownFileType = sourcecode.swift; path = SceneDelegate.swift; sourceTree = "<group>"; };
		1D7EFE8D251CD328004BA416 /* Assets.xcassets */ = {isa = PBXFileReference; lastKnownFileType = folder.assetcatalog; path = Assets.xcassets; sourceTree = "<group>"; };
		1D7EFE93251CD328004BA416 /* Base */ = {isa = PBXFileReference; lastKnownFileType = file.storyboard; name = Base; path = Base.lproj/LaunchScreen.storyboard; sourceTree = "<group>"; };
		1D7EFE95251CD328004BA416 /* Info.plist */ = {isa = PBXFileReference; lastKnownFileType = text.plist.xml; path = Info.plist; sourceTree = "<group>"; };
		1D7EFE9A251CD328004BA416 /* RandomMovieTests.xctest */ = {isa = PBXFileReference; explicitFileType = wrapper.cfbundle; includeInIndex = 0; path = RandomMovieTests.xctest; sourceTree = BUILT_PRODUCTS_DIR; };
		1D7EFEA0251CD328004BA416 /* Info.plist */ = {isa = PBXFileReference; lastKnownFileType = text.plist.xml; path = Info.plist; sourceTree = "<group>"; };
		1D7EFEA5251CD328004BA416 /* RandomMovieUITests.xctest */ = {isa = PBXFileReference; explicitFileType = wrapper.cfbundle; includeInIndex = 0; path = RandomMovieUITests.xctest; sourceTree = BUILT_PRODUCTS_DIR; };
		1D7EFEA9251CD328004BA416 /* RandomMovieUITests.swift */ = {isa = PBXFileReference; lastKnownFileType = sourcecode.swift; path = RandomMovieUITests.swift; sourceTree = "<group>"; };
		1D7EFEAB251CD328004BA416 /* Info.plist */ = {isa = PBXFileReference; lastKnownFileType = text.plist.xml; path = Info.plist; sourceTree = "<group>"; };
		1D7EFEC1251CE673004BA416 /* Assembly.swift */ = {isa = PBXFileReference; lastKnownFileType = sourcecode.swift; path = Assembly.swift; sourceTree = "<group>"; };
		1D7EFECA251CE73E004BA416 /* Assembly+Welcome.swift */ = {isa = PBXFileReference; lastKnownFileType = sourcecode.swift; path = "Assembly+Welcome.swift"; sourceTree = "<group>"; };
		1D7EFECC251CE78A004BA416 /* WelcomeViewController.swift */ = {isa = PBXFileReference; lastKnownFileType = sourcecode.swift; path = WelcomeViewController.swift; sourceTree = "<group>"; };
		1D81E56F251D25AC0005BBBA /* AutoMockable.generated.swift */ = {isa = PBXFileReference; fileEncoding = 4; lastKnownFileType = sourcecode.swift; path = AutoMockable.generated.swift; sourceTree = "<group>"; };
		1DB26749251E5A2600798CD6 /* Palette.swift */ = {isa = PBXFileReference; lastKnownFileType = sourcecode.swift; path = Palette.swift; sourceTree = "<group>"; };
		1DB2674F251E607900798CD6 /* DarkMode.swift */ = {isa = PBXFileReference; lastKnownFileType = sourcecode.swift; path = DarkMode.swift; sourceTree = "<group>"; };
		1DB26751251E608100798CD6 /* LightMode.swift */ = {isa = PBXFileReference; lastKnownFileType = sourcecode.swift; path = LightMode.swift; sourceTree = "<group>"; };
		1DB26763251E79A700798CD6 /* Networking.swift */ = {isa = PBXFileReference; lastKnownFileType = sourcecode.swift; path = Networking.swift; sourceTree = "<group>"; };
		1DB26765251E7AAC00798CD6 /* Networking+UseCases.swift */ = {isa = PBXFileReference; lastKnownFileType = sourcecode.swift; path = "Networking+UseCases.swift"; sourceTree = "<group>"; };
		1DB26769251E7BB400798CD6 /* Environment.swift */ = {isa = PBXFileReference; lastKnownFileType = sourcecode.swift; path = Environment.swift; sourceTree = "<group>"; };
		1DB2676C251E7C0900798CD6 /* Moya+Networking.swift */ = {isa = PBXFileReference; lastKnownFileType = sourcecode.swift; path = "Moya+Networking.swift"; sourceTree = "<group>"; };
		1DB2676E251E7C3900798CD6 /* Environment.plist */ = {isa = PBXFileReference; lastKnownFileType = text.plist.xml; path = Environment.plist; sourceTree = "<group>"; };
		1DB26770251E826700798CD6 /* Service.swift */ = {isa = PBXFileReference; lastKnownFileType = sourcecode.swift; path = Service.swift; sourceTree = "<group>"; };
		1DB26772251E82BE00798CD6 /* Endpoint.swift */ = {isa = PBXFileReference; lastKnownFileType = sourcecode.swift; path = Endpoint.swift; sourceTree = "<group>"; };
		1DB26774251E849000798CD6 /* Mappable.swift */ = {isa = PBXFileReference; lastKnownFileType = sourcecode.swift; path = Mappable.swift; sourceTree = "<group>"; };
		1DB26777251E879600798CD6 /* PopularMovies.swift */ = {isa = PBXFileReference; lastKnownFileType = sourcecode.swift; path = PopularMovies.swift; sourceTree = "<group>"; };
		1DB2677B251E87E200798CD6 /* PopularMoviesUseCase.swift */ = {isa = PBXFileReference; lastKnownFileType = sourcecode.swift; path = PopularMoviesUseCase.swift; sourceTree = "<group>"; };
		1DB2677F251E886100798CD6 /* Movie.swift */ = {isa = PBXFileReference; lastKnownFileType = sourcecode.swift; path = Movie.swift; sourceTree = "<group>"; };
		1DB26785251E899800798CD6 /* PopularMoviesService.swift */ = {isa = PBXFileReference; lastKnownFileType = sourcecode.swift; path = PopularMoviesService.swift; sourceTree = "<group>"; };
		1DB26788251E89B300798CD6 /* PopularMoviesEndpoint.swift */ = {isa = PBXFileReference; lastKnownFileType = sourcecode.swift; path = PopularMoviesEndpoint.swift; sourceTree = "<group>"; };
		1DB2678A251E8B4300798CD6 /* PopularMoviesRepository.swift */ = {isa = PBXFileReference; lastKnownFileType = sourcecode.swift; path = PopularMoviesRepository.swift; sourceTree = "<group>"; };
		1DB2678E251E8BB900798CD6 /* PopularMoviesDataSource.swift */ = {isa = PBXFileReference; lastKnownFileType = sourcecode.swift; path = PopularMoviesDataSource.swift; sourceTree = "<group>"; };
		1DB26790251E8BE700798CD6 /* PopularMoviesApiDataSource.swift */ = {isa = PBXFileReference; lastKnownFileType = sourcecode.swift; path = PopularMoviesApiDataSource.swift; sourceTree = "<group>"; };
		1DB26792251E8CCF00798CD6 /* ListMovies.swift */ = {isa = PBXFileReference; lastKnownFileType = sourcecode.swift; path = ListMovies.swift; sourceTree = "<group>"; };
		1DB26795251E8D5300798CD6 /* ListMoviesApiResponse.swift */ = {isa = PBXFileReference; lastKnownFileType = sourcecode.swift; path = ListMoviesApiResponse.swift; sourceTree = "<group>"; };
		1DB26797251E8DA800798CD6 /* MovieApiResponse.swift */ = {isa = PBXFileReference; lastKnownFileType = sourcecode.swift; path = MovieApiResponse.swift; sourceTree = "<group>"; };
		1DB2679A251E8F8500798CD6 /* PopularMoviesApiToDomainMapper.swift */ = {isa = PBXFileReference; lastKnownFileType = sourcecode.swift; path = PopularMoviesApiToDomainMapper.swift; sourceTree = "<group>"; };
		1DB267AB251E947700798CD6 /* WelcomeInteractor.swift */ = {isa = PBXFileReference; lastKnownFileType = sourcecode.swift; path = WelcomeInteractor.swift; sourceTree = "<group>"; };
		1DB267AD251E94AB00798CD6 /* DefaultWelcomeInteractor.swift */ = {isa = PBXFileReference; lastKnownFileType = sourcecode.swift; path = DefaultWelcomeInteractor.swift; sourceTree = "<group>"; };
		1DB267AF251E94CA00798CD6 /* WelcomeInteractorDelegate.swift */ = {isa = PBXFileReference; lastKnownFileType = sourcecode.swift; path = WelcomeInteractorDelegate.swift; sourceTree = "<group>"; };
		320B6C47703B176E9DE120A8 /* Pods-RandomMovie.debug.xcconfig */ = {isa = PBXFileReference; includeInIndex = 1; lastKnownFileType = text.xcconfig; name = "Pods-RandomMovie.debug.xcconfig"; path = "Target Support Files/Pods-RandomMovie/Pods-RandomMovie.debug.xcconfig"; sourceTree = "<group>"; };
		36E5F07A057121723C0EE662 /* Pods-RandomMovie-RandomMovieUITests.debug.xcconfig */ = {isa = PBXFileReference; includeInIndex = 1; lastKnownFileType = text.xcconfig; name = "Pods-RandomMovie-RandomMovieUITests.debug.xcconfig"; path = "Target Support Files/Pods-RandomMovie-RandomMovieUITests/Pods-RandomMovie-RandomMovieUITests.debug.xcconfig"; sourceTree = "<group>"; };
		3A4CDC66B43A4F8C6A77A41F /* Pods-RandomMovieTests.debug.xcconfig */ = {isa = PBXFileReference; includeInIndex = 1; lastKnownFileType = text.xcconfig; name = "Pods-RandomMovieTests.debug.xcconfig"; path = "Target Support Files/Pods-RandomMovieTests/Pods-RandomMovieTests.debug.xcconfig"; sourceTree = "<group>"; };
		42B9E5AE949B536103B01C06 /* Pods-RandomMovieSnapshotTests.debug.xcconfig */ = {isa = PBXFileReference; includeInIndex = 1; lastKnownFileType = text.xcconfig; name = "Pods-RandomMovieSnapshotTests.debug.xcconfig"; path = "Target Support Files/Pods-RandomMovieSnapshotTests/Pods-RandomMovieSnapshotTests.debug.xcconfig"; sourceTree = "<group>"; };
		55FF6BD2B642DAE2C9B1DE06 /* Pods_RandomMovie.framework */ = {isa = PBXFileReference; explicitFileType = wrapper.framework; includeInIndex = 0; path = Pods_RandomMovie.framework; sourceTree = BUILT_PRODUCTS_DIR; };
		8C164AA3F138F7926F651E25 /* Pods-RandomMovieTests.release.xcconfig */ = {isa = PBXFileReference; includeInIndex = 1; lastKnownFileType = text.xcconfig; name = "Pods-RandomMovieTests.release.xcconfig"; path = "Target Support Files/Pods-RandomMovieTests/Pods-RandomMovieTests.release.xcconfig"; sourceTree = "<group>"; };
		9A70A4531AAA03538E65B46E /* Pods_RandomMovie_RandomMovieUITests.framework */ = {isa = PBXFileReference; explicitFileType = wrapper.framework; includeInIndex = 0; path = Pods_RandomMovie_RandomMovieUITests.framework; sourceTree = BUILT_PRODUCTS_DIR; };
		A9925C37DB04EE31B6E2C33E /* Pods_RandomMovieSnapshotTests.framework */ = {isa = PBXFileReference; explicitFileType = wrapper.framework; includeInIndex = 0; path = Pods_RandomMovieSnapshotTests.framework; sourceTree = BUILT_PRODUCTS_DIR; };
		DA3B84DEDDA0296686958210 /* Pods-RandomMovie-RandomMovieUITests.release.xcconfig */ = {isa = PBXFileReference; includeInIndex = 1; lastKnownFileType = text.xcconfig; name = "Pods-RandomMovie-RandomMovieUITests.release.xcconfig"; path = "Target Support Files/Pods-RandomMovie-RandomMovieUITests/Pods-RandomMovie-RandomMovieUITests.release.xcconfig"; sourceTree = "<group>"; };
		F8A34DDB31BD317056630270 /* Pods-RandomMovie.release.xcconfig */ = {isa = PBXFileReference; includeInIndex = 1; lastKnownFileType = text.xcconfig; name = "Pods-RandomMovie.release.xcconfig"; path = "Target Support Files/Pods-RandomMovie/Pods-RandomMovie.release.xcconfig"; sourceTree = "<group>"; };
		FDBC8C389AF806020B4A5895 /* Pods-RandomMovieSnapshotTests.release.xcconfig */ = {isa = PBXFileReference; includeInIndex = 1; lastKnownFileType = text.xcconfig; name = "Pods-RandomMovieSnapshotTests.release.xcconfig"; path = "Target Support Files/Pods-RandomMovieSnapshotTests/Pods-RandomMovieSnapshotTests.release.xcconfig"; sourceTree = "<group>"; };
/* End PBXFileReference section */

/* Begin PBXFrameworksBuildPhase section */
		1D75DF99251D0FA8005EAE89 /* Frameworks */ = {
			isa = PBXFrameworksBuildPhase;
			buildActionMask = 2147483647;
			files = (
				1D75DFA8251D0FFB005EAE89 /* SnapshotTesting in Frameworks */,
				12D4286C9FCF2BA9A61A2A81 /* Pods_RandomMovieSnapshotTests.framework in Frameworks */,
			);
			runOnlyForDeploymentPostprocessing = 0;
		};
		1D7EFE81251CD327004BA416 /* Frameworks */ = {
			isa = PBXFrameworksBuildPhase;
			buildActionMask = 2147483647;
			files = (
				1D75DEED251CEB2C005EAE89 /* SnapKit in Frameworks */,
				3D673488CC5B34658D54346E /* Pods_RandomMovie.framework in Frameworks */,
			);
			runOnlyForDeploymentPostprocessing = 0;
		};
		1D7EFE97251CD328004BA416 /* Frameworks */ = {
			isa = PBXFrameworksBuildPhase;
			buildActionMask = 2147483647;
			files = (
				17DCB2109ED48B8CF95F7EC6 /* Pods_RandomMovieTests.framework in Frameworks */,
			);
			runOnlyForDeploymentPostprocessing = 0;
		};
		1D7EFEA2251CD328004BA416 /* Frameworks */ = {
			isa = PBXFrameworksBuildPhase;
			buildActionMask = 2147483647;
			files = (
				DBE98C1DD07B73E79551B055 /* Pods_RandomMovie_RandomMovieUITests.framework in Frameworks */,
			);
			runOnlyForDeploymentPostprocessing = 0;
		};
/* End PBXFrameworksBuildPhase section */

/* Begin PBXGroup section */
		1D5DEA9C251D2338002585E4 /* AutoMockable */ = {
			isa = PBXGroup;
			children = (
				1D5DEA9D251D2347002585E4 /* AutoMockable.swift */,
			);
			path = AutoMockable;
			sourceTree = "<group>";
		};
		1D75DEEE251CEBCB005EAE89 /* Components */ = {
			isa = PBXGroup;
			children = (
				1DB26748251E5A1900798CD6 /* Colors */,
				1D75DEFB251CEF01005EAE89 /* Font */,
				1D75DEEF251CEBD5005EAE89 /* Spacing */,
			);
			path = Components;
			sourceTree = "<group>";
		};
		1D75DEEF251CEBD5005EAE89 /* Spacing */ = {
			isa = PBXGroup;
			children = (
				1D75DEF0251CEBE8005EAE89 /* Spacing.swift */,
			);
			path = Spacing;
			sourceTree = "<group>";
		};
		1D75DEF3251CECC6005EAE89 /* Presenter */ = {
			isa = PBXGroup;
			children = (
				1D75DEF4251CECCE005EAE89 /* Default */,
				1D75DEF5251CECDB005EAE89 /* WelcomePresenter.swift */,
				1D75DEF7251CECE6005EAE89 /* WelcomeUI.swift */,
			);
			path = Presenter;
			sourceTree = "<group>";
		};
		1D75DEF4251CECCE005EAE89 /* Default */ = {
			isa = PBXGroup;
			children = (
				1D75DEF9251CECEF005EAE89 /* DefaultWelcomePresenter.swift */,
			);
			path = Default;
			sourceTree = "<group>";
		};
		1D75DEFB251CEF01005EAE89 /* Font */ = {
			isa = PBXGroup;
			children = (
				1D75DEFC251CEF0C005EAE89 /* Font.swift */,
				1D75DEFF251CEFED005EAE89 /* FontLoader.swift */,
				1D75DF00251CEFEE005EAE89 /* FontSize.swift */,
				1D75DEFE251CEFE1005EAE89 /* Variation */,
				1D75DF07251CF03E005EAE89 /* Resources */,
			);
			path = Font;
			sourceTree = "<group>";
		};
		1D75DEFE251CEFE1005EAE89 /* Variation */ = {
			isa = PBXGroup;
			children = (
				1D75DF04251CF027005EAE89 /* MontserratRegularFont.swift */,
				1D75DF03251CF027005EAE89 /* MontserratMediumFont.swift */,
			);
			path = Variation;
			sourceTree = "<group>";
		};
		1D75DF07251CF03E005EAE89 /* Resources */ = {
			isa = PBXGroup;
			children = (
				1D75DF11251CF8A7005EAE89 /* Montserrat-Medium.ttf */,
				1D75DF12251CF8A7005EAE89 /* Montserrat-Regular.ttf */,
			);
			path = Resources;
			sourceTree = "<group>";
		};
		1D75DF0A251CF586005EAE89 /* Extension */ = {
			isa = PBXGroup;
			children = (
				1D75DF0B251CF593005EAE89 /* Bundle */,
			);
			path = Extension;
			sourceTree = "<group>";
		};
		1D75DF0B251CF593005EAE89 /* Bundle */ = {
			isa = PBXGroup;
			children = (
				1D75DF0C251CF5A8005EAE89 /* Bundle+Framework.swift */,
			);
			path = Bundle;
			sourceTree = "<group>";
		};
		1D75DF9D251D0FA8005EAE89 /* RandomMovieSnapshotTests */ = {
			isa = PBXGroup;
			children = (
				1D75DFAB251D101C005EAE89 /* Common */,
				1D75DFA9251D101C005EAE89 /* Feature */,
				1D75DFA0251D0FA8005EAE89 /* Info.plist */,
			);
			path = RandomMovieSnapshotTests;
			sourceTree = "<group>";
		};
		1D75DFA9251D101C005EAE89 /* Feature */ = {
			isa = PBXGroup;
			children = (
				1D75DFAA251D101C005EAE89 /* Welcome */,
			);
			path = Feature;
			sourceTree = "<group>";
		};
		1D75DFAA251D101C005EAE89 /* Welcome */ = {
			isa = PBXGroup;
			children = (
				1D75DFB2251D1082005EAE89 /* WelcomeViewSpec.swift */,
			);
			path = Welcome;
			sourceTree = "<group>";
		};
		1D75DFAB251D101C005EAE89 /* Common */ = {
			isa = PBXGroup;
			children = (
				1D75DFAC251D101C005EAE89 /* Snapshot */,
				1D75DFAE251D101C005EAE89 /* Setup */,
			);
			path = Common;
			sourceTree = "<group>";
		};
		1D75DFAC251D101C005EAE89 /* Snapshot */ = {
			isa = PBXGroup;
			children = (
				1D75DFAD251D101C005EAE89 /* Snapshot.swift */,
			);
			path = Snapshot;
			sourceTree = "<group>";
		};
		1D75DFAE251D101C005EAE89 /* Setup */ = {
			isa = PBXGroup;
			children = (
				1D75DFAF251D101C005EAE89 /* DeviceSize.swift */,
			);
			path = Setup;
			sourceTree = "<group>";
		};
		1D75DFB4251D1360005EAE89 /* Feature */ = {
			isa = PBXGroup;
			children = (
				1D75DFB5251D1370005EAE89 /* Welcome */,
			);
			path = Feature;
			sourceTree = "<group>";
		};
		1D75DFB5251D1370005EAE89 /* Welcome */ = {
			isa = PBXGroup;
			children = (
				1D75DFB7251D1389005EAE89 /* Interactor */,
				1D75DFB6251D1385005EAE89 /* Presenter */,
			);
			path = Welcome;
			sourceTree = "<group>";
		};
		1D75DFB6251D1385005EAE89 /* Presenter */ = {
			isa = PBXGroup;
			children = (
				1D75DFB8251D1495005EAE89 /* RandomMoviePresenterSpec.swift */,
			);
			path = Presenter;
			sourceTree = "<group>";
		};
		1D75DFB7251D1389005EAE89 /* Interactor */ = {
			isa = PBXGroup;
			children = (
			);
			path = Interactor;
			sourceTree = "<group>";
		};
		1D7EFE7B251CD327004BA416 = {
			isa = PBXGroup;
			children = (
				1D7EFE86251CD327004BA416 /* RandomMovie */,
				1D7EFE9D251CD328004BA416 /* RandomMovieTests */,
				1D7EFEA8251CD328004BA416 /* RandomMovieUITests */,
				1D75DF9D251D0FA8005EAE89 /* RandomMovieSnapshotTests */,
				1D7EFE85251CD327004BA416 /* Products */,
				A54CE0EBC5DDAFEE38B241F8 /* Pods */,
				6BDBA67CD25AE86A9F892B7E /* Frameworks */,
			);
			sourceTree = "<group>";
		};
		1D7EFE85251CD327004BA416 /* Products */ = {
			isa = PBXGroup;
			children = (
				1D7EFE84251CD327004BA416 /* RandomMovie.app */,
				1D7EFE9A251CD328004BA416 /* RandomMovieTests.xctest */,
				1D7EFEA5251CD328004BA416 /* RandomMovieUITests.xctest */,
				1D75DF9C251D0FA8005EAE89 /* RandomMovieSnapshotTests.xctest */,
			);
			name = Products;
			sourceTree = "<group>";
		};
		1D7EFE86251CD327004BA416 /* RandomMovie */ = {
			isa = PBXGroup;
			children = (
				1D7EFEBE251CE4D8004BA416 /* App */,
				1DB2675D251E78DA00798CD6 /* Networking */,
				1D7EFEC4251CE6F1004BA416 /* Feature */,
				1D7EFEC3251CE6E6004BA416 /* Design */,
			);
			path = RandomMovie;
			sourceTree = "<group>";
		};
		1D7EFE9D251CD328004BA416 /* RandomMovieTests */ = {
			isa = PBXGroup;
			children = (
				1D75DFB4251D1360005EAE89 /* Feature */,
				1D81E56E251D25AC0005BBBA /* AutoMockable */,
				1D7EFEA0251CD328004BA416 /* Info.plist */,
			);
			path = RandomMovieTests;
			sourceTree = "<group>";
		};
		1D7EFEA8251CD328004BA416 /* RandomMovieUITests */ = {
			isa = PBXGroup;
			children = (
				1D7EFEA9251CD328004BA416 /* RandomMovieUITests.swift */,
				1D7EFEAB251CD328004BA416 /* Info.plist */,
			);
			path = RandomMovieUITests;
			sourceTree = "<group>";
		};
		1D7EFEBE251CE4D8004BA416 /* App */ = {
			isa = PBXGroup;
			children = (
				1D7EFE87251CD327004BA416 /* AppDelegate.swift */,
				1D7EFE89251CD327004BA416 /* SceneDelegate.swift */,
				1D7EFE92251CD328004BA416 /* LaunchScreen.storyboard */,
				1D7EFE95251CD328004BA416 /* Info.plist */,
				1D7EFEBF251CE63B004BA416 /* Infrastructure */,
			);
			path = App;
			sourceTree = "<group>";
		};
		1D7EFEBF251CE63B004BA416 /* Infrastructure */ = {
			isa = PBXGroup;
			children = (
				1D5DEA9C251D2338002585E4 /* AutoMockable */,
				1D75DF0A251CF586005EAE89 /* Extension */,
				1D7EFEC0251CE65E004BA416 /* Assembly */,
			);
			path = Infrastructure;
			sourceTree = "<group>";
		};
		1D7EFEC0251CE65E004BA416 /* Assembly */ = {
			isa = PBXGroup;
			children = (
				1D7EFEC1251CE673004BA416 /* Assembly.swift */,
			);
			path = Assembly;
			sourceTree = "<group>";
		};
		1D7EFEC3251CE6E6004BA416 /* Design */ = {
			isa = PBXGroup;
			children = (
				1D75DEEE251CEBCB005EAE89 /* Components */,
				1D7EFE8D251CD328004BA416 /* Assets.xcassets */,
			);
			path = Design;
			sourceTree = "<group>";
		};
		1D7EFEC4251CE6F1004BA416 /* Feature */ = {
			isa = PBXGroup;
			children = (
				1D7EFEC5251CE712004BA416 /* Welcome */,
			);
			path = Feature;
			sourceTree = "<group>";
		};
		1D7EFEC5251CE712004BA416 /* Welcome */ = {
			isa = PBXGroup;
			children = (
				1D7EFEC7251CE720004BA416 /* View */,
				1D75DEF3251CECC6005EAE89 /* Presenter */,
				1DB267A9251E946300798CD6 /* Interactor */,
				1D7EFEC6251CE718004BA416 /* Infrastructure */,
			);
			path = Welcome;
			sourceTree = "<group>";
		};
		1D7EFEC6251CE718004BA416 /* Infrastructure */ = {
			isa = PBXGroup;
			children = (
				1D7EFEC8251CE72D004BA416 /* Assembly */,
			);
			path = Infrastructure;
			sourceTree = "<group>";
		};
		1D7EFEC7251CE720004BA416 /* View */ = {
			isa = PBXGroup;
			children = (
				1D7EFECE251CE7F3004BA416 /* Default */,
				1D7EFECC251CE78A004BA416 /* WelcomeViewController.swift */,
				1D75DEE7251CE99C005EAE89 /* WelcomeView.swift */,
			);
			path = View;
			sourceTree = "<group>";
		};
		1D7EFEC8251CE72D004BA416 /* Assembly */ = {
			isa = PBXGroup;
			children = (
				1D7EFECA251CE73E004BA416 /* Assembly+Welcome.swift */,
			);
			path = Assembly;
			sourceTree = "<group>";
		};
		1D7EFECE251CE7F3004BA416 /* Default */ = {
			isa = PBXGroup;
			children = (
				1D75DEE9251CE9A3005EAE89 /* DefaultWelcomeView.swift */,
			);
			path = Default;
			sourceTree = "<group>";
		};
		1D81E56E251D25AC0005BBBA /* AutoMockable */ = {
			isa = PBXGroup;
			children = (
				1D81E56F251D25AC0005BBBA /* AutoMockable.generated.swift */,
			);
			path = AutoMockable;
			sourceTree = "<group>";
		};
		1DB26748251E5A1900798CD6 /* Colors */ = {
			isa = PBXGroup;
			children = (
				1DB26749251E5A2600798CD6 /* Palette.swift */,
				1DB26757251E65AA00798CD6 /* Mode */,
			);
			path = Colors;
			sourceTree = "<group>";
		};
		1DB26757251E65AA00798CD6 /* Mode */ = {
			isa = PBXGroup;
			children = (
				1DB26758251E65B300798CD6 /* Light */,
				1DB26759251E65BA00798CD6 /* Dark */,
			);
			path = Mode;
			sourceTree = "<group>";
		};
		1DB26758251E65B300798CD6 /* Light */ = {
			isa = PBXGroup;
			children = (
				1DB26751251E608100798CD6 /* LightMode.swift */,
			);
			path = Light;
			sourceTree = "<group>";
		};
		1DB26759251E65BA00798CD6 /* Dark */ = {
			isa = PBXGroup;
			children = (
				1DB2674F251E607900798CD6 /* DarkMode.swift */,
			);
			path = Dark;
			sourceTree = "<group>";
		};
		1DB2675D251E78DA00798CD6 /* Networking */ = {
			isa = PBXGroup;
			children = (
				1DB2675E251E78FB00798CD6 /* Application */,
				1DB26761251E798500798CD6 /* Infrasctruture */,
			);
			path = Networking;
			sourceTree = "<group>";
		};
		1DB2675E251E78FB00798CD6 /* Application */ = {
			isa = PBXGroup;
			children = (
				1DB26781251E895A00798CD6 /* Data */,
				1DB26779251E87C700798CD6 /* Domain */,
				1DB26760251E796D00798CD6 /* Infrastucture */,
				1DB2675F251E796400798CD6 /* Application */,
			);
			path = Application;
			sourceTree = "<group>";
		};
		1DB2675F251E796400798CD6 /* Application */ = {
			isa = PBXGroup;
			children = (
				1DB26776251E850900798CD6 /* PopularMovies */,
			);
			path = Application;
			sourceTree = "<group>";
		};
		1DB26760251E796D00798CD6 /* Infrastucture */ = {
			isa = PBXGroup;
			children = (
				1DB26765251E7AAC00798CD6 /* Networking+UseCases.swift */,
			);
			path = Infrastucture;
			sourceTree = "<group>";
		};
		1DB26761251E798500798CD6 /* Infrasctruture */ = {
			isa = PBXGroup;
			children = (
				1DB2676B251E7BF500798CD6 /* Networking */,
				1DB26768251E7BA800798CD6 /* Environment */,
				1DB26770251E826700798CD6 /* Service.swift */,
				1DB2676C251E7C0900798CD6 /* Moya+Networking.swift */,
				1DB26772251E82BE00798CD6 /* Endpoint.swift */,
				1DB26774251E849000798CD6 /* Mappable.swift */,
			);
			path = Infrasctruture;
			sourceTree = "<group>";
		};
		1DB26768251E7BA800798CD6 /* Environment */ = {
			isa = PBXGroup;
			children = (
				1DB26769251E7BB400798CD6 /* Environment.swift */,
				1DB2676E251E7C3900798CD6 /* Environment.plist */,
			);
			path = Environment;
			sourceTree = "<group>";
		};
		1DB2676B251E7BF500798CD6 /* Networking */ = {
			isa = PBXGroup;
			children = (
				1DB26763251E79A700798CD6 /* Networking.swift */,
			);
			path = Networking;
			sourceTree = "<group>";
		};
		1DB26776251E850900798CD6 /* PopularMovies */ = {
			isa = PBXGroup;
			children = (
				1DB26777251E879600798CD6 /* PopularMovies.swift */,
			);
			path = PopularMovies;
			sourceTree = "<group>";
		};
		1DB26779251E87C700798CD6 /* Domain */ = {
			isa = PBXGroup;
			children = (
				1DB2677D251E885200798CD6 /* Model */,
				1DB2677A251E87CF00798CD6 /* PopularMovies */,
			);
			path = Domain;
			sourceTree = "<group>";
		};
		1DB2677A251E87CF00798CD6 /* PopularMovies */ = {
			isa = PBXGroup;
			children = (
				1DB2677B251E87E200798CD6 /* PopularMoviesUseCase.swift */,
			);
			path = PopularMovies;
			sourceTree = "<group>";
		};
		1DB2677D251E885200798CD6 /* Model */ = {
			isa = PBXGroup;
			children = (
				1DB2677E251E885600798CD6 /* Entity */,
			);
			path = Model;
			sourceTree = "<group>";
		};
		1DB2677E251E885600798CD6 /* Entity */ = {
			isa = PBXGroup;
			children = (
				1DB2677F251E886100798CD6 /* Movie.swift */,
				1DB26792251E8CCF00798CD6 /* ListMovies.swift */,
			);
			path = Entity;
			sourceTree = "<group>";
		};
		1DB26781251E895A00798CD6 /* Data */ = {
			isa = PBXGroup;
			children = (
				1DB26782251E896000798CD6 /* PopularMovies */,
			);
			path = Data;
			sourceTree = "<group>";
		};
		1DB26782251E896000798CD6 /* PopularMovies */ = {
			isa = PBXGroup;
			children = (
				1DB26783251E897300798CD6 /* Repository */,
				1DB26784251E897900798CD6 /* Services */,
			);
			path = PopularMovies;
			sourceTree = "<group>";
		};
		1DB26783251E897300798CD6 /* Repository */ = {
			isa = PBXGroup;
			children = (
				1DB2678A251E8B4300798CD6 /* PopularMoviesRepository.swift */,
				1DB2678C251E8BAA00798CD6 /* DataSource */,
			);
			path = Repository;
			sourceTree = "<group>";
		};
		1DB26784251E897900798CD6 /* Services */ = {
			isa = PBXGroup;
			children = (
				1DB26785251E899800798CD6 /* PopularMoviesService.swift */,
				1DB26787251E89A200798CD6 /* Endpoint */,
			);
			path = Services;
			sourceTree = "<group>";
		};
		1DB26787251E89A200798CD6 /* Endpoint */ = {
			isa = PBXGroup;
			children = (
				1DB26788251E89B300798CD6 /* PopularMoviesEndpoint.swift */,
			);
			path = Endpoint;
			sourceTree = "<group>";
		};
		1DB2678C251E8BAA00798CD6 /* DataSource */ = {
			isa = PBXGroup;
			children = (
				1DB2678D251E8BB000798CD6 /* Api */,
				1DB2678E251E8BB900798CD6 /* PopularMoviesDataSource.swift */,
			);
			path = DataSource;
			sourceTree = "<group>";
		};
		1DB2678D251E8BB000798CD6 /* Api */ = {
			isa = PBXGroup;
			children = (
				1DB26790251E8BE700798CD6 /* PopularMoviesApiDataSource.swift */,
				1DB26794251E8D3100798CD6 /* Model */,
			);
			path = Api;
			sourceTree = "<group>";
		};
		1DB26794251E8D3100798CD6 /* Model */ = {
			isa = PBXGroup;
			children = (
				1DB26795251E8D5300798CD6 /* ListMoviesApiResponse.swift */,
				1DB26797251E8DA800798CD6 /* MovieApiResponse.swift */,
				1DB26799251E8F6500798CD6 /* Mapper */,
			);
			path = Model;
			sourceTree = "<group>";
		};
		1DB26799251E8F6500798CD6 /* Mapper */ = {
			isa = PBXGroup;
			children = (
				1DB2679A251E8F8500798CD6 /* PopularMoviesApiToDomainMapper.swift */,
			);
			path = Mapper;
			sourceTree = "<group>";
		};
		1DB267A9251E946300798CD6 /* Interactor */ = {
			isa = PBXGroup;
			children = (
				1DB267AA251E946800798CD6 /* Default */,
				1DB267AB251E947700798CD6 /* WelcomeInteractor.swift */,
				1DB267AF251E94CA00798CD6 /* WelcomeInteractorDelegate.swift */,
			);
			path = Interactor;
			sourceTree = "<group>";
		};
		1DB267AA251E946800798CD6 /* Default */ = {
			isa = PBXGroup;
			children = (
				1DB267AD251E94AB00798CD6 /* DefaultWelcomeInteractor.swift */,
			);
			path = Default;
			sourceTree = "<group>";
		};
		6BDBA67CD25AE86A9F892B7E /* Frameworks */ = {
			isa = PBXGroup;
			children = (
				55FF6BD2B642DAE2C9B1DE06 /* Pods_RandomMovie.framework */,
				9A70A4531AAA03538E65B46E /* Pods_RandomMovie_RandomMovieUITests.framework */,
				A9925C37DB04EE31B6E2C33E /* Pods_RandomMovieSnapshotTests.framework */,
				153591FBE0FEF0061EE95E4C /* Pods_RandomMovieTests.framework */,
			);
			name = Frameworks;
			sourceTree = "<group>";
		};
		A54CE0EBC5DDAFEE38B241F8 /* Pods */ = {
			isa = PBXGroup;
			children = (
				320B6C47703B176E9DE120A8 /* Pods-RandomMovie.debug.xcconfig */,
				F8A34DDB31BD317056630270 /* Pods-RandomMovie.release.xcconfig */,
				36E5F07A057121723C0EE662 /* Pods-RandomMovie-RandomMovieUITests.debug.xcconfig */,
				DA3B84DEDDA0296686958210 /* Pods-RandomMovie-RandomMovieUITests.release.xcconfig */,
				42B9E5AE949B536103B01C06 /* Pods-RandomMovieSnapshotTests.debug.xcconfig */,
				FDBC8C389AF806020B4A5895 /* Pods-RandomMovieSnapshotTests.release.xcconfig */,
				3A4CDC66B43A4F8C6A77A41F /* Pods-RandomMovieTests.debug.xcconfig */,
				8C164AA3F138F7926F651E25 /* Pods-RandomMovieTests.release.xcconfig */,
			);
			path = Pods;
			sourceTree = "<group>";
		};
/* End PBXGroup section */

/* Begin PBXNativeTarget section */
		1D75DF9B251D0FA8005EAE89 /* RandomMovieSnapshotTests */ = {
			isa = PBXNativeTarget;
			buildConfigurationList = 1D75DFA5251D0FA8005EAE89 /* Build configuration list for PBXNativeTarget "RandomMovieSnapshotTests" */;
			buildPhases = (
				1C820B9E481E55B683A759F5 /* [CP] Check Pods Manifest.lock */,
				1D75DF98251D0FA8005EAE89 /* Sources */,
				1D75DF99251D0FA8005EAE89 /* Frameworks */,
				1D75DF9A251D0FA8005EAE89 /* Resources */,
				454059B56ABCCC5712A14387 /* [CP] Embed Pods Frameworks */,
			);
			buildRules = (
			);
			dependencies = (
				1D75DFA2251D0FA8005EAE89 /* PBXTargetDependency */,
			);
			name = RandomMovieSnapshotTests;
			packageProductDependencies = (
				1D75DFA7251D0FFB005EAE89 /* SnapshotTesting */,
			);
			productName = RandomMovieSnapshotTests;
			productReference = 1D75DF9C251D0FA8005EAE89 /* RandomMovieSnapshotTests.xctest */;
			productType = "com.apple.product-type.bundle.unit-test";
		};
		1D7EFE83251CD327004BA416 /* RandomMovie */ = {
			isa = PBXNativeTarget;
			buildConfigurationList = 1D7EFEAE251CD328004BA416 /* Build configuration list for PBXNativeTarget "RandomMovie" */;
			buildPhases = (
				0CB0360E3A3001FDE02E1CE4 /* [CP] Check Pods Manifest.lock */,
				1D7EFE80251CD327004BA416 /* Sources */,
				1D7EFE81251CD327004BA416 /* Frameworks */,
				1D7EFE82251CD327004BA416 /* Resources */,
				1D5DEA9F251D23A4002585E4 /* Sourcery */,
				7F842F704192DBB7FADA98F5 /* [CP] Embed Pods Frameworks */,
			);
			buildRules = (
			);
			dependencies = (
			);
			name = RandomMovie;
			packageProductDependencies = (
				1D75DEEC251CEB2C005EAE89 /* SnapKit */,
			);
			productName = RandomMovie;
			productReference = 1D7EFE84251CD327004BA416 /* RandomMovie.app */;
			productType = "com.apple.product-type.application";
		};
		1D7EFE99251CD328004BA416 /* RandomMovieTests */ = {
			isa = PBXNativeTarget;
			buildConfigurationList = 1D7EFEB1251CD328004BA416 /* Build configuration list for PBXNativeTarget "RandomMovieTests" */;
			buildPhases = (
				7FECA9DD47E5DF7D799C4D07 /* [CP] Check Pods Manifest.lock */,
				1D7EFE96251CD328004BA416 /* Sources */,
				1D7EFE97251CD328004BA416 /* Frameworks */,
				1D7EFE98251CD328004BA416 /* Resources */,
			);
			buildRules = (
			);
			dependencies = (
				1D7EFE9C251CD328004BA416 /* PBXTargetDependency */,
			);
			name = RandomMovieTests;
			productName = RandomMovieTests;
			productReference = 1D7EFE9A251CD328004BA416 /* RandomMovieTests.xctest */;
			productType = "com.apple.product-type.bundle.unit-test";
		};
		1D7EFEA4251CD328004BA416 /* RandomMovieUITests */ = {
			isa = PBXNativeTarget;
			buildConfigurationList = 1D7EFEB4251CD328004BA416 /* Build configuration list for PBXNativeTarget "RandomMovieUITests" */;
			buildPhases = (
				E231DA3423BED393A9E54347 /* [CP] Check Pods Manifest.lock */,
				1D7EFEA1251CD328004BA416 /* Sources */,
				1D7EFEA2251CD328004BA416 /* Frameworks */,
				1D7EFEA3251CD328004BA416 /* Resources */,
				770A82D18802B7AE6539813D /* [CP] Embed Pods Frameworks */,
			);
			buildRules = (
			);
			dependencies = (
				1D7EFEA7251CD328004BA416 /* PBXTargetDependency */,
			);
			name = RandomMovieUITests;
			productName = RandomMovieUITests;
			productReference = 1D7EFEA5251CD328004BA416 /* RandomMovieUITests.xctest */;
			productType = "com.apple.product-type.bundle.ui-testing";
		};
/* End PBXNativeTarget section */

/* Begin PBXProject section */
		1D7EFE7C251CD327004BA416 /* Project object */ = {
			isa = PBXProject;
			attributes = {
				LastSwiftUpdateCheck = 1160;
				LastUpgradeCheck = 1160;
				ORGANIZATIONNAME = "Dani Martin Jimenez";
				TargetAttributes = {
					1D75DF9B251D0FA8005EAE89 = {
						CreatedOnToolsVersion = 11.6;
						TestTargetID = 1D7EFE83251CD327004BA416;
					};
					1D7EFE83251CD327004BA416 = {
						CreatedOnToolsVersion = 11.6;
					};
					1D7EFE99251CD328004BA416 = {
						CreatedOnToolsVersion = 11.6;
						LastSwiftMigration = 1160;
						TestTargetID = 1D7EFE83251CD327004BA416;
					};
					1D7EFEA4251CD328004BA416 = {
						CreatedOnToolsVersion = 11.6;
						TestTargetID = 1D7EFE83251CD327004BA416;
					};
				};
			};
			buildConfigurationList = 1D7EFE7F251CD327004BA416 /* Build configuration list for PBXProject "RandomMovie" */;
			compatibilityVersion = "Xcode 9.3";
			developmentRegion = en;
			hasScannedForEncodings = 0;
			knownRegions = (
				en,
				Base,
			);
			mainGroup = 1D7EFE7B251CD327004BA416;
			packageReferences = (
				1D75DEEB251CEB2C005EAE89 /* XCRemoteSwiftPackageReference "SnapKit" */,
				1D75DFA6251D0FFB005EAE89 /* XCRemoteSwiftPackageReference "swift-snapshot-testing" */,
			);
			productRefGroup = 1D7EFE85251CD327004BA416 /* Products */;
			projectDirPath = "";
			projectRoot = "";
			targets = (
				1D7EFE83251CD327004BA416 /* RandomMovie */,
				1D7EFE99251CD328004BA416 /* RandomMovieTests */,
				1D7EFEA4251CD328004BA416 /* RandomMovieUITests */,
				1D75DF9B251D0FA8005EAE89 /* RandomMovieSnapshotTests */,
			);
		};
/* End PBXProject section */

/* Begin PBXResourcesBuildPhase section */
		1D75DF9A251D0FA8005EAE89 /* Resources */ = {
			isa = PBXResourcesBuildPhase;
			buildActionMask = 2147483647;
			files = (
			);
			runOnlyForDeploymentPostprocessing = 0;
		};
		1D7EFE82251CD327004BA416 /* Resources */ = {
			isa = PBXResourcesBuildPhase;
			buildActionMask = 2147483647;
			files = (
				1D75DF14251CF8A7005EAE89 /* Montserrat-Regular.ttf in Resources */,
				1D75DF13251CF8A7005EAE89 /* Montserrat-Medium.ttf in Resources */,
				1D7EFE94251CD328004BA416 /* LaunchScreen.storyboard in Resources */,
				1D7EFE8E251CD328004BA416 /* Assets.xcassets in Resources */,
				1DB2676F251E7C3900798CD6 /* Environment.plist in Resources */,
			);
			runOnlyForDeploymentPostprocessing = 0;
		};
		1D7EFE98251CD328004BA416 /* Resources */ = {
			isa = PBXResourcesBuildPhase;
			buildActionMask = 2147483647;
			files = (
			);
			runOnlyForDeploymentPostprocessing = 0;
		};
		1D7EFEA3251CD328004BA416 /* Resources */ = {
			isa = PBXResourcesBuildPhase;
			buildActionMask = 2147483647;
			files = (
			);
			runOnlyForDeploymentPostprocessing = 0;
		};
/* End PBXResourcesBuildPhase section */

/* Begin PBXShellScriptBuildPhase section */
		0CB0360E3A3001FDE02E1CE4 /* [CP] Check Pods Manifest.lock */ = {
			isa = PBXShellScriptBuildPhase;
			buildActionMask = 2147483647;
			files = (
			);
			inputFileListPaths = (
			);
			inputPaths = (
				"${PODS_PODFILE_DIR_PATH}/Podfile.lock",
				"${PODS_ROOT}/Manifest.lock",
			);
			name = "[CP] Check Pods Manifest.lock";
			outputFileListPaths = (
			);
			outputPaths = (
				"$(DERIVED_FILE_DIR)/Pods-RandomMovie-checkManifestLockResult.txt",
			);
			runOnlyForDeploymentPostprocessing = 0;
			shellPath = /bin/sh;
			shellScript = "diff \"${PODS_PODFILE_DIR_PATH}/Podfile.lock\" \"${PODS_ROOT}/Manifest.lock\" > /dev/null\nif [ $? != 0 ] ; then\n    # print error to STDERR\n    echo \"error: The sandbox is not in sync with the Podfile.lock. Run 'pod install' or update your CocoaPods installation.\" >&2\n    exit 1\nfi\n# This output is used by Xcode 'outputs' to avoid re-running this script phase.\necho \"SUCCESS\" > \"${SCRIPT_OUTPUT_FILE_0}\"\n";
			showEnvVarsInLog = 0;
		};
		1C820B9E481E55B683A759F5 /* [CP] Check Pods Manifest.lock */ = {
			isa = PBXShellScriptBuildPhase;
			buildActionMask = 2147483647;
			files = (
			);
			inputFileListPaths = (
			);
			inputPaths = (
				"${PODS_PODFILE_DIR_PATH}/Podfile.lock",
				"${PODS_ROOT}/Manifest.lock",
			);
			name = "[CP] Check Pods Manifest.lock";
			outputFileListPaths = (
			);
			outputPaths = (
				"$(DERIVED_FILE_DIR)/Pods-RandomMovieSnapshotTests-checkManifestLockResult.txt",
			);
			runOnlyForDeploymentPostprocessing = 0;
			shellPath = /bin/sh;
			shellScript = "diff \"${PODS_PODFILE_DIR_PATH}/Podfile.lock\" \"${PODS_ROOT}/Manifest.lock\" > /dev/null\nif [ $? != 0 ] ; then\n    # print error to STDERR\n    echo \"error: The sandbox is not in sync with the Podfile.lock. Run 'pod install' or update your CocoaPods installation.\" >&2\n    exit 1\nfi\n# This output is used by Xcode 'outputs' to avoid re-running this script phase.\necho \"SUCCESS\" > \"${SCRIPT_OUTPUT_FILE_0}\"\n";
			showEnvVarsInLog = 0;
		};
		1D5DEA9F251D23A4002585E4 /* Sourcery */ = {
			isa = PBXShellScriptBuildPhase;
			buildActionMask = 2147483647;
			files = (
			);
			inputFileListPaths = (
			);
			inputPaths = (
			);
			name = Sourcery;
			outputFileListPaths = (
			);
			outputPaths = (
			);
			runOnlyForDeploymentPostprocessing = 0;
			shellPath = /bin/sh;
			shellScript = "$PODS_ROOT/Sourcery/bin/sourcery --sources ./ --templates ./Templates/Sourcery --output ./RandomMovieTests/AutoMockable\n";
		};
		454059B56ABCCC5712A14387 /* [CP] Embed Pods Frameworks */ = {
			isa = PBXShellScriptBuildPhase;
			buildActionMask = 2147483647;
			files = (
			);
			inputFileListPaths = (
				"${PODS_ROOT}/Target Support Files/Pods-RandomMovieSnapshotTests/Pods-RandomMovieSnapshotTests-frameworks-${CONFIGURATION}-input-files.xcfilelist",
			);
			name = "[CP] Embed Pods Frameworks";
			outputFileListPaths = (
				"${PODS_ROOT}/Target Support Files/Pods-RandomMovieSnapshotTests/Pods-RandomMovieSnapshotTests-frameworks-${CONFIGURATION}-output-files.xcfilelist",
			);
			runOnlyForDeploymentPostprocessing = 0;
			shellPath = /bin/sh;
			shellScript = "\"${PODS_ROOT}/Target Support Files/Pods-RandomMovieSnapshotTests/Pods-RandomMovieSnapshotTests-frameworks.sh\"\n";
			showEnvVarsInLog = 0;
		};
		770A82D18802B7AE6539813D /* [CP] Embed Pods Frameworks */ = {
			isa = PBXShellScriptBuildPhase;
			buildActionMask = 2147483647;
			files = (
			);
			inputFileListPaths = (
				"${PODS_ROOT}/Target Support Files/Pods-RandomMovie-RandomMovieUITests/Pods-RandomMovie-RandomMovieUITests-frameworks-${CONFIGURATION}-input-files.xcfilelist",
			);
			name = "[CP] Embed Pods Frameworks";
			outputFileListPaths = (
				"${PODS_ROOT}/Target Support Files/Pods-RandomMovie-RandomMovieUITests/Pods-RandomMovie-RandomMovieUITests-frameworks-${CONFIGURATION}-output-files.xcfilelist",
			);
			runOnlyForDeploymentPostprocessing = 0;
			shellPath = /bin/sh;
			shellScript = "\"${PODS_ROOT}/Target Support Files/Pods-RandomMovie-RandomMovieUITests/Pods-RandomMovie-RandomMovieUITests-frameworks.sh\"\n";
			showEnvVarsInLog = 0;
		};
		7F842F704192DBB7FADA98F5 /* [CP] Embed Pods Frameworks */ = {
			isa = PBXShellScriptBuildPhase;
			buildActionMask = 2147483647;
			files = (
			);
			inputFileListPaths = (
				"${PODS_ROOT}/Target Support Files/Pods-RandomMovie/Pods-RandomMovie-frameworks-${CONFIGURATION}-input-files.xcfilelist",
			);
			name = "[CP] Embed Pods Frameworks";
			outputFileListPaths = (
				"${PODS_ROOT}/Target Support Files/Pods-RandomMovie/Pods-RandomMovie-frameworks-${CONFIGURATION}-output-files.xcfilelist",
			);
			runOnlyForDeploymentPostprocessing = 0;
			shellPath = /bin/sh;
			shellScript = "\"${PODS_ROOT}/Target Support Files/Pods-RandomMovie/Pods-RandomMovie-frameworks.sh\"\n";
			showEnvVarsInLog = 0;
		};
		7FECA9DD47E5DF7D799C4D07 /* [CP] Check Pods Manifest.lock */ = {
			isa = PBXShellScriptBuildPhase;
			buildActionMask = 2147483647;
			files = (
			);
			inputFileListPaths = (
			);
			inputPaths = (
				"${PODS_PODFILE_DIR_PATH}/Podfile.lock",
				"${PODS_ROOT}/Manifest.lock",
			);
			name = "[CP] Check Pods Manifest.lock";
			outputFileListPaths = (
			);
			outputPaths = (
				"$(DERIVED_FILE_DIR)/Pods-RandomMovieTests-checkManifestLockResult.txt",
			);
			runOnlyForDeploymentPostprocessing = 0;
			shellPath = /bin/sh;
			shellScript = "diff \"${PODS_PODFILE_DIR_PATH}/Podfile.lock\" \"${PODS_ROOT}/Manifest.lock\" > /dev/null\nif [ $? != 0 ] ; then\n    # print error to STDERR\n    echo \"error: The sandbox is not in sync with the Podfile.lock. Run 'pod install' or update your CocoaPods installation.\" >&2\n    exit 1\nfi\n# This output is used by Xcode 'outputs' to avoid re-running this script phase.\necho \"SUCCESS\" > \"${SCRIPT_OUTPUT_FILE_0}\"\n";
			showEnvVarsInLog = 0;
		};
		E231DA3423BED393A9E54347 /* [CP] Check Pods Manifest.lock */ = {
			isa = PBXShellScriptBuildPhase;
			buildActionMask = 2147483647;
			files = (
			);
			inputFileListPaths = (
			);
			inputPaths = (
				"${PODS_PODFILE_DIR_PATH}/Podfile.lock",
				"${PODS_ROOT}/Manifest.lock",
			);
			name = "[CP] Check Pods Manifest.lock";
			outputFileListPaths = (
			);
			outputPaths = (
				"$(DERIVED_FILE_DIR)/Pods-RandomMovie-RandomMovieUITests-checkManifestLockResult.txt",
			);
			runOnlyForDeploymentPostprocessing = 0;
			shellPath = /bin/sh;
			shellScript = "diff \"${PODS_PODFILE_DIR_PATH}/Podfile.lock\" \"${PODS_ROOT}/Manifest.lock\" > /dev/null\nif [ $? != 0 ] ; then\n    # print error to STDERR\n    echo \"error: The sandbox is not in sync with the Podfile.lock. Run 'pod install' or update your CocoaPods installation.\" >&2\n    exit 1\nfi\n# This output is used by Xcode 'outputs' to avoid re-running this script phase.\necho \"SUCCESS\" > \"${SCRIPT_OUTPUT_FILE_0}\"\n";
			showEnvVarsInLog = 0;
		};
/* End PBXShellScriptBuildPhase section */

/* Begin PBXSourcesBuildPhase section */
		1D75DF98251D0FA8005EAE89 /* Sources */ = {
			isa = PBXSourcesBuildPhase;
			buildActionMask = 2147483647;
			files = (
				1D75DFB3251D1082005EAE89 /* WelcomeViewSpec.swift in Sources */,
				1D75DFB1251D101C005EAE89 /* DeviceSize.swift in Sources */,
				1D75DFB0251D101C005EAE89 /* Snapshot.swift in Sources */,
			);
			runOnlyForDeploymentPostprocessing = 0;
		};
		1D7EFE80251CD327004BA416 /* Sources */ = {
			isa = PBXSourcesBuildPhase;
			buildActionMask = 2147483647;
			files = (
				1DB26750251E607900798CD6 /* DarkMode.swift in Sources */,
				1DB26773251E82BE00798CD6 /* Endpoint.swift in Sources */,
				1DB26771251E826700798CD6 /* Service.swift in Sources */,
				1DB2678F251E8BB900798CD6 /* PopularMoviesDataSource.swift in Sources */,
				1DB2676A251E7BB400798CD6 /* Environment.swift in Sources */,
				1DB26764251E79A700798CD6 /* Networking.swift in Sources */,
				1D7EFECB251CE73E004BA416 /* Assembly+Welcome.swift in Sources */,
				1DB2677C251E87E200798CD6 /* PopularMoviesUseCase.swift in Sources */,
				1D75DEF6251CECDB005EAE89 /* WelcomePresenter.swift in Sources */,
				1D75DF01251CEFEE005EAE89 /* FontLoader.swift in Sources */,
				1DB26798251E8DA800798CD6 /* MovieApiResponse.swift in Sources */,
				1D75DEE8251CE99C005EAE89 /* WelcomeView.swift in Sources */,
				1D5DEA9E251D2347002585E4 /* AutoMockable.swift in Sources */,
				1DB26796251E8D5300798CD6 /* ListMoviesApiResponse.swift in Sources */,
				1D75DEEA251CE9A3005EAE89 /* DefaultWelcomeView.swift in Sources */,
				1DB2679B251E8F8500798CD6 /* PopularMoviesApiToDomainMapper.swift in Sources */,
				1DB26778251E879600798CD6 /* PopularMovies.swift in Sources */,
				1D75DF0D251CF5A8005EAE89 /* Bundle+Framework.swift in Sources */,
				1D75DF05251CF027005EAE89 /* MontserratMediumFont.swift in Sources */,
				1D7EFECD251CE78A004BA416 /* WelcomeViewController.swift in Sources */,
				1DB2676D251E7C0900798CD6 /* Moya+Networking.swift in Sources */,
				1DB26775251E849000798CD6 /* Mappable.swift in Sources */,
				1D7EFE88251CD327004BA416 /* AppDelegate.swift in Sources */,
				1DB26791251E8BE700798CD6 /* PopularMoviesApiDataSource.swift in Sources */,
				1DB26789251E89B300798CD6 /* PopularMoviesEndpoint.swift in Sources */,
				1DB26780251E886100798CD6 /* Movie.swift in Sources */,
				1D75DEF8251CECE6005EAE89 /* WelcomeUI.swift in Sources */,
				1DB2674A251E5A2600798CD6 /* Palette.swift in Sources */,
				1DB26793251E8CCF00798CD6 /* ListMovies.swift in Sources */,
				1D75DEF1251CEBE8005EAE89 /* Spacing.swift in Sources */,
				1DB267B0251E94CA00798CD6 /* WelcomeInteractorDelegate.swift in Sources */,
				1DB267AC251E947700798CD6 /* WelcomeInteractor.swift in Sources */,
				1D75DEFD251CEF0C005EAE89 /* Font.swift in Sources */,
				1D75DF06251CF027005EAE89 /* MontserratRegularFont.swift in Sources */,
				1D7EFEC2251CE673004BA416 /* Assembly.swift in Sources */,
				1D75DEFA251CECEF005EAE89 /* DefaultWelcomePresenter.swift in Sources */,
				1DB26752251E608100798CD6 /* LightMode.swift in Sources */,
				1DB26786251E899800798CD6 /* PopularMoviesService.swift in Sources */,
				1DB26766251E7AAC00798CD6 /* Networking+UseCases.swift in Sources */,
				1D7EFE8A251CD327004BA416 /* SceneDelegate.swift in Sources */,
				1DB2678B251E8B4300798CD6 /* PopularMoviesRepository.swift in Sources */,
				1D75DF02251CEFEE005EAE89 /* FontSize.swift in Sources */,
				1DB267AE251E94AB00798CD6 /* DefaultWelcomeInteractor.swift in Sources */,
			);
			runOnlyForDeploymentPostprocessing = 0;
		};
		1D7EFE96251CD328004BA416 /* Sources */ = {
			isa = PBXSourcesBuildPhase;
			buildActionMask = 2147483647;
			files = (
				1D75DFB9251D1495005EAE89 /* RandomMoviePresenterSpec.swift in Sources */,
				1D81E570251D25AC0005BBBA /* AutoMockable.generated.swift in Sources */,
			);
			runOnlyForDeploymentPostprocessing = 0;
		};
		1D7EFEA1251CD328004BA416 /* Sources */ = {
			isa = PBXSourcesBuildPhase;
			buildActionMask = 2147483647;
			files = (
				1D7EFEAA251CD328004BA416 /* RandomMovieUITests.swift in Sources */,
			);
			runOnlyForDeploymentPostprocessing = 0;
		};
/* End PBXSourcesBuildPhase section */

/* Begin PBXTargetDependency section */
		1D75DFA2251D0FA8005EAE89 /* PBXTargetDependency */ = {
			isa = PBXTargetDependency;
			target = 1D7EFE83251CD327004BA416 /* RandomMovie */;
			targetProxy = 1D75DFA1251D0FA8005EAE89 /* PBXContainerItemProxy */;
		};
		1D7EFE9C251CD328004BA416 /* PBXTargetDependency */ = {
			isa = PBXTargetDependency;
			target = 1D7EFE83251CD327004BA416 /* RandomMovie */;
			targetProxy = 1D7EFE9B251CD328004BA416 /* PBXContainerItemProxy */;
		};
		1D7EFEA7251CD328004BA416 /* PBXTargetDependency */ = {
			isa = PBXTargetDependency;
			target = 1D7EFE83251CD327004BA416 /* RandomMovie */;
			targetProxy = 1D7EFEA6251CD328004BA416 /* PBXContainerItemProxy */;
		};
/* End PBXTargetDependency section */

/* Begin PBXVariantGroup section */
		1D7EFE92251CD328004BA416 /* LaunchScreen.storyboard */ = {
			isa = PBXVariantGroup;
			children = (
				1D7EFE93251CD328004BA416 /* Base */,
			);
			name = LaunchScreen.storyboard;
			sourceTree = "<group>";
		};
/* End PBXVariantGroup section */

/* Begin XCBuildConfiguration section */
		1D75DFA3251D0FA8005EAE89 /* Debug */ = {
			isa = XCBuildConfiguration;
			baseConfigurationReference = 42B9E5AE949B536103B01C06 /* Pods-RandomMovieSnapshotTests.debug.xcconfig */;
			buildSettings = {
				BUNDLE_LOADER = "$(TEST_HOST)";
				CODE_SIGN_STYLE = Automatic;
				DEVELOPMENT_TEAM = 9CAPNW6Y62;
				INFOPLIST_FILE = RandomMovieSnapshotTests/Info.plist;
				LD_RUNPATH_SEARCH_PATHS = (
					"$(inherited)",
					"@executable_path/Frameworks",
					"@loader_path/Frameworks",
				);
				PRODUCT_BUNDLE_IDENTIFIER = com.danmarjim.RandomMovieSnapshotTests;
				PRODUCT_NAME = "$(TARGET_NAME)";
				SWIFT_VERSION = 5.0;
				TARGETED_DEVICE_FAMILY = "1,2";
				TEST_HOST = "$(BUILT_PRODUCTS_DIR)/RandomMovie.app/RandomMovie";
			};
			name = Debug;
		};
		1D75DFA4251D0FA8005EAE89 /* Release */ = {
			isa = XCBuildConfiguration;
			baseConfigurationReference = FDBC8C389AF806020B4A5895 /* Pods-RandomMovieSnapshotTests.release.xcconfig */;
			buildSettings = {
				BUNDLE_LOADER = "$(TEST_HOST)";
				CODE_SIGN_STYLE = Automatic;
				DEVELOPMENT_TEAM = 9CAPNW6Y62;
				INFOPLIST_FILE = RandomMovieSnapshotTests/Info.plist;
				LD_RUNPATH_SEARCH_PATHS = (
					"$(inherited)",
					"@executable_path/Frameworks",
					"@loader_path/Frameworks",
				);
				PRODUCT_BUNDLE_IDENTIFIER = com.danmarjim.RandomMovieSnapshotTests;
				PRODUCT_NAME = "$(TARGET_NAME)";
				SWIFT_VERSION = 5.0;
				TARGETED_DEVICE_FAMILY = "1,2";
				TEST_HOST = "$(BUILT_PRODUCTS_DIR)/RandomMovie.app/RandomMovie";
			};
			name = Release;
		};
		1D7EFEAC251CD328004BA416 /* Debug */ = {
			isa = XCBuildConfiguration;
			buildSettings = {
				ALWAYS_SEARCH_USER_PATHS = NO;
				CLANG_ANALYZER_NONNULL = YES;
				CLANG_ANALYZER_NUMBER_OBJECT_CONVERSION = YES_AGGRESSIVE;
				CLANG_CXX_LANGUAGE_STANDARD = "gnu++14";
				CLANG_CXX_LIBRARY = "libc++";
				CLANG_ENABLE_MODULES = YES;
				CLANG_ENABLE_OBJC_ARC = YES;
				CLANG_ENABLE_OBJC_WEAK = YES;
				CLANG_WARN_BLOCK_CAPTURE_AUTORELEASING = YES;
				CLANG_WARN_BOOL_CONVERSION = YES;
				CLANG_WARN_COMMA = YES;
				CLANG_WARN_CONSTANT_CONVERSION = YES;
				CLANG_WARN_DEPRECATED_OBJC_IMPLEMENTATIONS = YES;
				CLANG_WARN_DIRECT_OBJC_ISA_USAGE = YES_ERROR;
				CLANG_WARN_DOCUMENTATION_COMMENTS = YES;
				CLANG_WARN_EMPTY_BODY = YES;
				CLANG_WARN_ENUM_CONVERSION = YES;
				CLANG_WARN_INFINITE_RECURSION = YES;
				CLANG_WARN_INT_CONVERSION = YES;
				CLANG_WARN_NON_LITERAL_NULL_CONVERSION = YES;
				CLANG_WARN_OBJC_IMPLICIT_RETAIN_SELF = YES;
				CLANG_WARN_OBJC_LITERAL_CONVERSION = YES;
				CLANG_WARN_OBJC_ROOT_CLASS = YES_ERROR;
				CLANG_WARN_RANGE_LOOP_ANALYSIS = YES;
				CLANG_WARN_STRICT_PROTOTYPES = YES;
				CLANG_WARN_SUSPICIOUS_MOVE = YES;
				CLANG_WARN_UNGUARDED_AVAILABILITY = YES_AGGRESSIVE;
				CLANG_WARN_UNREACHABLE_CODE = YES;
				CLANG_WARN__DUPLICATE_METHOD_MATCH = YES;
				COPY_PHASE_STRIP = NO;
				DEBUG_INFORMATION_FORMAT = dwarf;
				ENABLE_STRICT_OBJC_MSGSEND = YES;
				ENABLE_TESTABILITY = YES;
				GCC_C_LANGUAGE_STANDARD = gnu11;
				GCC_DYNAMIC_NO_PIC = NO;
				GCC_NO_COMMON_BLOCKS = YES;
				GCC_OPTIMIZATION_LEVEL = 0;
				GCC_PREPROCESSOR_DEFINITIONS = (
					"DEBUG=1",
					"$(inherited)",
				);
				GCC_WARN_64_TO_32_BIT_CONVERSION = YES;
				GCC_WARN_ABOUT_RETURN_TYPE = YES_ERROR;
				GCC_WARN_UNDECLARED_SELECTOR = YES;
				GCC_WARN_UNINITIALIZED_AUTOS = YES_AGGRESSIVE;
				GCC_WARN_UNUSED_FUNCTION = YES;
				GCC_WARN_UNUSED_VARIABLE = YES;
				IPHONEOS_DEPLOYMENT_TARGET = 13.6;
				MTL_ENABLE_DEBUG_INFO = INCLUDE_SOURCE;
				MTL_FAST_MATH = YES;
				ONLY_ACTIVE_ARCH = YES;
				SDKROOT = iphoneos;
				SWIFT_ACTIVE_COMPILATION_CONDITIONS = DEBUG;
				SWIFT_OPTIMIZATION_LEVEL = "-Onone";
			};
			name = Debug;
		};
		1D7EFEAD251CD328004BA416 /* Release */ = {
			isa = XCBuildConfiguration;
			buildSettings = {
				ALWAYS_SEARCH_USER_PATHS = NO;
				CLANG_ANALYZER_NONNULL = YES;
				CLANG_ANALYZER_NUMBER_OBJECT_CONVERSION = YES_AGGRESSIVE;
				CLANG_CXX_LANGUAGE_STANDARD = "gnu++14";
				CLANG_CXX_LIBRARY = "libc++";
				CLANG_ENABLE_MODULES = YES;
				CLANG_ENABLE_OBJC_ARC = YES;
				CLANG_ENABLE_OBJC_WEAK = YES;
				CLANG_WARN_BLOCK_CAPTURE_AUTORELEASING = YES;
				CLANG_WARN_BOOL_CONVERSION = YES;
				CLANG_WARN_COMMA = YES;
				CLANG_WARN_CONSTANT_CONVERSION = YES;
				CLANG_WARN_DEPRECATED_OBJC_IMPLEMENTATIONS = YES;
				CLANG_WARN_DIRECT_OBJC_ISA_USAGE = YES_ERROR;
				CLANG_WARN_DOCUMENTATION_COMMENTS = YES;
				CLANG_WARN_EMPTY_BODY = YES;
				CLANG_WARN_ENUM_CONVERSION = YES;
				CLANG_WARN_INFINITE_RECURSION = YES;
				CLANG_WARN_INT_CONVERSION = YES;
				CLANG_WARN_NON_LITERAL_NULL_CONVERSION = YES;
				CLANG_WARN_OBJC_IMPLICIT_RETAIN_SELF = YES;
				CLANG_WARN_OBJC_LITERAL_CONVERSION = YES;
				CLANG_WARN_OBJC_ROOT_CLASS = YES_ERROR;
				CLANG_WARN_RANGE_LOOP_ANALYSIS = YES;
				CLANG_WARN_STRICT_PROTOTYPES = YES;
				CLANG_WARN_SUSPICIOUS_MOVE = YES;
				CLANG_WARN_UNGUARDED_AVAILABILITY = YES_AGGRESSIVE;
				CLANG_WARN_UNREACHABLE_CODE = YES;
				CLANG_WARN__DUPLICATE_METHOD_MATCH = YES;
				COPY_PHASE_STRIP = NO;
				DEBUG_INFORMATION_FORMAT = "dwarf-with-dsym";
				ENABLE_NS_ASSERTIONS = NO;
				ENABLE_STRICT_OBJC_MSGSEND = YES;
				GCC_C_LANGUAGE_STANDARD = gnu11;
				GCC_NO_COMMON_BLOCKS = YES;
				GCC_WARN_64_TO_32_BIT_CONVERSION = YES;
				GCC_WARN_ABOUT_RETURN_TYPE = YES_ERROR;
				GCC_WARN_UNDECLARED_SELECTOR = YES;
				GCC_WARN_UNINITIALIZED_AUTOS = YES_AGGRESSIVE;
				GCC_WARN_UNUSED_FUNCTION = YES;
				GCC_WARN_UNUSED_VARIABLE = YES;
				IPHONEOS_DEPLOYMENT_TARGET = 13.6;
				MTL_ENABLE_DEBUG_INFO = NO;
				MTL_FAST_MATH = YES;
				SDKROOT = iphoneos;
				SWIFT_COMPILATION_MODE = wholemodule;
				SWIFT_OPTIMIZATION_LEVEL = "-O";
				VALIDATE_PRODUCT = YES;
			};
			name = Release;
		};
		1D7EFEAF251CD328004BA416 /* Debug */ = {
			isa = XCBuildConfiguration;
			baseConfigurationReference = 320B6C47703B176E9DE120A8 /* Pods-RandomMovie.debug.xcconfig */;
			buildSettings = {
				ASSETCATALOG_COMPILER_APPICON_NAME = AppIcon;
				CODE_SIGN_STYLE = Automatic;
				DEVELOPMENT_TEAM = 9CAPNW6Y62;
				ENABLE_PREVIEWS = YES;
				INFOPLIST_FILE = RandomMovie/App/Info.plist;
				IPHONEOS_DEPLOYMENT_TARGET = 13.0;
				LD_RUNPATH_SEARCH_PATHS = (
					"$(inherited)",
					"@executable_path/Frameworks",
				);
				PRODUCT_BUNDLE_IDENTIFIER = com.danmarjim.RandomMovie;
				PRODUCT_NAME = "$(TARGET_NAME)";
				SWIFT_VERSION = 5.0;
				TARGETED_DEVICE_FAMILY = "1,2";
			};
			name = Debug;
		};
		1D7EFEB0251CD328004BA416 /* Release */ = {
			isa = XCBuildConfiguration;
			baseConfigurationReference = F8A34DDB31BD317056630270 /* Pods-RandomMovie.release.xcconfig */;
			buildSettings = {
				ASSETCATALOG_COMPILER_APPICON_NAME = AppIcon;
				CODE_SIGN_STYLE = Automatic;
				DEVELOPMENT_TEAM = 9CAPNW6Y62;
				ENABLE_PREVIEWS = YES;
				INFOPLIST_FILE = RandomMovie/App/Info.plist;
				IPHONEOS_DEPLOYMENT_TARGET = 13.0;
				LD_RUNPATH_SEARCH_PATHS = (
					"$(inherited)",
					"@executable_path/Frameworks",
				);
				PRODUCT_BUNDLE_IDENTIFIER = com.danmarjim.RandomMovie;
				PRODUCT_NAME = "$(TARGET_NAME)";
				SWIFT_VERSION = 5.0;
				TARGETED_DEVICE_FAMILY = "1,2";
			};
			name = Release;
		};
		1D7EFEB2251CD328004BA416 /* Debug */ = {
			isa = XCBuildConfiguration;
			baseConfigurationReference = 3A4CDC66B43A4F8C6A77A41F /* Pods-RandomMovieTests.debug.xcconfig */;
			buildSettings = {
				ALWAYS_EMBED_SWIFT_STANDARD_LIBRARIES = YES;
				BUNDLE_LOADER = "$(TEST_HOST)";
				CLANG_ENABLE_MODULES = YES;
				CODE_SIGN_STYLE = Automatic;
				DEVELOPMENT_TEAM = 9CAPNW6Y62;
				INFOPLIST_FILE = RandomMovieTests/Info.plist;
				IPHONEOS_DEPLOYMENT_TARGET = 13.6;
				LD_RUNPATH_SEARCH_PATHS = (
					"$(inherited)",
					"@executable_path/Frameworks",
					"@loader_path/Frameworks",
				);
				PRODUCT_BUNDLE_IDENTIFIER = com.danmarjim.RandomMovieTests;
				PRODUCT_NAME = "$(TARGET_NAME)";
				SWIFT_OPTIMIZATION_LEVEL = "-Onone";
				SWIFT_VERSION = 5.0;
				TARGETED_DEVICE_FAMILY = "1,2";
				TEST_HOST = "$(BUILT_PRODUCTS_DIR)/RandomMovie.app/RandomMovie";
			};
			name = Debug;
		};
		1D7EFEB3251CD328004BA416 /* Release */ = {
			isa = XCBuildConfiguration;
			baseConfigurationReference = 8C164AA3F138F7926F651E25 /* Pods-RandomMovieTests.release.xcconfig */;
			buildSettings = {
				ALWAYS_EMBED_SWIFT_STANDARD_LIBRARIES = YES;
				BUNDLE_LOADER = "$(TEST_HOST)";
				CLANG_ENABLE_MODULES = YES;
				CODE_SIGN_STYLE = Automatic;
				DEVELOPMENT_TEAM = 9CAPNW6Y62;
				INFOPLIST_FILE = RandomMovieTests/Info.plist;
				IPHONEOS_DEPLOYMENT_TARGET = 13.6;
				LD_RUNPATH_SEARCH_PATHS = (
					"$(inherited)",
					"@executable_path/Frameworks",
					"@loader_path/Frameworks",
				);
				PRODUCT_BUNDLE_IDENTIFIER = com.danmarjim.RandomMovieTests;
				PRODUCT_NAME = "$(TARGET_NAME)";
				SWIFT_VERSION = 5.0;
				TARGETED_DEVICE_FAMILY = "1,2";
				TEST_HOST = "$(BUILT_PRODUCTS_DIR)/RandomMovie.app/RandomMovie";
			};
			name = Release;
		};
		1D7EFEB5251CD328004BA416 /* Debug */ = {
			isa = XCBuildConfiguration;
			baseConfigurationReference = 36E5F07A057121723C0EE662 /* Pods-RandomMovie-RandomMovieUITests.debug.xcconfig */;
			buildSettings = {
				ALWAYS_EMBED_SWIFT_STANDARD_LIBRARIES = YES;
				CODE_SIGN_STYLE = Automatic;
				DEVELOPMENT_TEAM = 9CAPNW6Y62;
				INFOPLIST_FILE = RandomMovieUITests/Info.plist;
				LD_RUNPATH_SEARCH_PATHS = (
					"$(inherited)",
					"@executable_path/Frameworks",
					"@loader_path/Frameworks",
				);
				PRODUCT_BUNDLE_IDENTIFIER = com.danmarjim.RandomMovieUITests;
				PRODUCT_NAME = "$(TARGET_NAME)";
				SWIFT_VERSION = 5.0;
				TARGETED_DEVICE_FAMILY = "1,2";
				TEST_TARGET_NAME = RandomMovie;
			};
			name = Debug;
		};
		1D7EFEB6251CD328004BA416 /* Release */ = {
			isa = XCBuildConfiguration;
			baseConfigurationReference = DA3B84DEDDA0296686958210 /* Pods-RandomMovie-RandomMovieUITests.release.xcconfig */;
			buildSettings = {
				ALWAYS_EMBED_SWIFT_STANDARD_LIBRARIES = YES;
				CODE_SIGN_STYLE = Automatic;
				DEVELOPMENT_TEAM = 9CAPNW6Y62;
				INFOPLIST_FILE = RandomMovieUITests/Info.plist;
				LD_RUNPATH_SEARCH_PATHS = (
					"$(inherited)",
					"@executable_path/Frameworks",
					"@loader_path/Frameworks",
				);
				PRODUCT_BUNDLE_IDENTIFIER = com.danmarjim.RandomMovieUITests;
				PRODUCT_NAME = "$(TARGET_NAME)";
				SWIFT_VERSION = 5.0;
				TARGETED_DEVICE_FAMILY = "1,2";
				TEST_TARGET_NAME = RandomMovie;
			};
			name = Release;
		};
/* End XCBuildConfiguration section */

/* Begin XCConfigurationList section */
		1D75DFA5251D0FA8005EAE89 /* Build configuration list for PBXNativeTarget "RandomMovieSnapshotTests" */ = {
			isa = XCConfigurationList;
			buildConfigurations = (
				1D75DFA3251D0FA8005EAE89 /* Debug */,
				1D75DFA4251D0FA8005EAE89 /* Release */,
			);
			defaultConfigurationIsVisible = 0;
			defaultConfigurationName = Release;
		};
		1D7EFE7F251CD327004BA416 /* Build configuration list for PBXProject "RandomMovie" */ = {
			isa = XCConfigurationList;
			buildConfigurations = (
				1D7EFEAC251CD328004BA416 /* Debug */,
				1D7EFEAD251CD328004BA416 /* Release */,
			);
			defaultConfigurationIsVisible = 0;
			defaultConfigurationName = Release;
		};
		1D7EFEAE251CD328004BA416 /* Build configuration list for PBXNativeTarget "RandomMovie" */ = {
			isa = XCConfigurationList;
			buildConfigurations = (
				1D7EFEAF251CD328004BA416 /* Debug */,
				1D7EFEB0251CD328004BA416 /* Release */,
			);
			defaultConfigurationIsVisible = 0;
			defaultConfigurationName = Release;
		};
		1D7EFEB1251CD328004BA416 /* Build configuration list for PBXNativeTarget "RandomMovieTests" */ = {
			isa = XCConfigurationList;
			buildConfigurations = (
				1D7EFEB2251CD328004BA416 /* Debug */,
				1D7EFEB3251CD328004BA416 /* Release */,
			);
			defaultConfigurationIsVisible = 0;
			defaultConfigurationName = Release;
		};
		1D7EFEB4251CD328004BA416 /* Build configuration list for PBXNativeTarget "RandomMovieUITests" */ = {
			isa = XCConfigurationList;
			buildConfigurations = (
				1D7EFEB5251CD328004BA416 /* Debug */,
				1D7EFEB6251CD328004BA416 /* Release */,
			);
			defaultConfigurationIsVisible = 0;
			defaultConfigurationName = Release;
		};
/* End XCConfigurationList section */

/* Begin XCRemoteSwiftPackageReference section */
		1D75DEEB251CEB2C005EAE89 /* XCRemoteSwiftPackageReference "SnapKit" */ = {
			isa = XCRemoteSwiftPackageReference;
			repositoryURL = "https://github.com/SnapKit/SnapKit.git";
			requirement = {
				kind = upToNextMajorVersion;
				minimumVersion = 5.0.1;
			};
		};
		1D75DFA6251D0FFB005EAE89 /* XCRemoteSwiftPackageReference "swift-snapshot-testing" */ = {
			isa = XCRemoteSwiftPackageReference;
			repositoryURL = "https://github.com/pointfreeco/swift-snapshot-testing.git";
			requirement = {
				kind = upToNextMajorVersion;
				minimumVersion = 1.8.2;
			};
		};
/* End XCRemoteSwiftPackageReference section */

/* Begin XCSwiftPackageProductDependency section */
		1D75DEEC251CEB2C005EAE89 /* SnapKit */ = {
			isa = XCSwiftPackageProductDependency;
			package = 1D75DEEB251CEB2C005EAE89 /* XCRemoteSwiftPackageReference "SnapKit" */;
			productName = SnapKit;
		};
		1D75DFA7251D0FFB005EAE89 /* SnapshotTesting */ = {
			isa = XCSwiftPackageProductDependency;
			package = 1D75DFA6251D0FFB005EAE89 /* XCRemoteSwiftPackageReference "swift-snapshot-testing" */;
			productName = SnapshotTesting;
		};
/* End XCSwiftPackageProductDependency section */
	};
	rootObject = 1D7EFE7C251CD327004BA416 /* Project object */;
}
